Microsoft Visual Studio Solution File, Format Version 11.00
# Visual Studio 2010
Project("{FAE04EC0-301F-11D3-BF4B-00C04F79EFBC}") = "dicomSharp", "dicomSharp.csproj", "{4ED465F6-CE85-45E1-8964-8F4ACB93CE2C}"
EndProject
Global
	GlobalSection(SolutionConfigurationPlatforms) = preSolution
		Debug|Any CPU = Debug|Any CPU
		Release|Any CPU = Release|Any CPU
	EndGlobalSection
	GlobalSection(ProjectConfigurationPlatforms) = postSolution
		{4ED465F6-CE85-45E1-8964-8F4ACB93CE2C}.Debug|Any CPU.ActiveCfg = Debug|Any CPU
		{4ED465F6-CE85-45E1-8964-8F4ACB93CE2C}.Debug|Any CPU.Build.0 = Debug|Any CPU
		{4ED465F6-CE85-45E1-8964-8F4ACB93CE2C}.Release|Any CPU.ActiveCfg = Release|Any CPU
		{4ED465F6-CE85-45E1-8964-8F4ACB93CE2C}.Release|Any CPU.Build.0 = Release|Any CPU
	EndGlobalSection
	GlobalSection(SolutionProperties) = preSolution
		HideSolutionNode = FALSE
	EndGlobalSection
EndGlobal
